
Microsoft Visual Studio Solution File, Format Version 12.00
# Visual Studio Version 16
VisualStudioVersion = 16.0.31911.196
MinimumVisualStudioVersion = 10.0.40219.1
Project("{2150E333-8FDC-42A3-9474-1A3956D46DE8}") = "Services", "Services", "{0D9943E4-808F-43B4-AB73-6308A5BDC8D7}"
EndProject
Project("{2150E333-8FDC-42A3-9474-1A3956D46DE8}") = "User", "User", "{2F9C9548-248F-48D3-A5B6-77115EFAEE2D}"
EndProject
Project("{2150E333-8FDC-42A3-9474-1A3956D46DE8}") = "Integration", "Integration", "{B360A09B-AA9F-4C14-B313-3EAAF62CBA07}"
EndProject
Project("{FAE04EC0-301F-11D3-BF4B-00C04F79EFBC}") = "User.API", "Services\User\User.API\User.API.csproj", "{F4E77ADE-AB1E-4055-B4EF-9E9275D2C350}"
EndProject
Project("{FAE04EC0-301F-11D3-BF4B-00C04F79EFBC}") = "User.Application", "Services\User\User.Application\User.Application.csproj", "{121F4693-A30E-4F8B-8C21-AD3DBE38B8B9}"
EndProject
Project("{FAE04EC0-301F-11D3-BF4B-00C04F79EFBC}") = "User.Domain", "Services\User\User.Domain\User.Domain.csproj", "{1F69E9B2-2F56-4F8C-9700-828B0091728F}"
EndProject
Project("{FAE04EC0-301F-11D3-BF4B-00C04F79EFBC}") = "User.Infrastructure", "Services\User\User.Infrastructure\User.Infrastructure.csproj", "{6D5DD9F0-E1E4-4487-AEAA-D566B730DB89}"
EndProject
Project("{E53339B2-1760-4266-BCC7-CA923CBCF16C}") = "docker-compose", "docker-compose.dcproj", "{379CFE72-867D-46BD-90FD-791396801ED5}"
EndProject
Project("{FAE04EC0-301F-11D3-BF4B-00C04F79EFBC}") = "Integration.Domain", "Services\Integration\Integration.Domain\Integration.Domain.csproj", "{E4F2C315-F42A-4BEE-9431-84C018BAD8C2}"
EndProject
Project("{FAE04EC0-301F-11D3-BF4B-00C04F79EFBC}") = "Integration.Application", "Services\Integration\Integration.Application\Integration.Application.csproj", "{CC57C5BA-99FB-4A15-B42C-982111822A24}"
EndProject
Project("{FAE04EC0-301F-11D3-BF4B-00C04F79EFBC}") = "Integration.Infrastructure", "Services\Integration\Integration.Infrastructure\Integration.Infrastructure.csproj", "{D513316F-124C-425D-9967-A853EDDAF940}"
EndProject
Project("{FAE04EC0-301F-11D3-BF4B-00C04F79EFBC}") = "Integration.API", "Services\Integration\Integration.API\Integration.API.csproj", "{560D59E5-7D16-4E73-AB34-52BAA42791BE}"
EndProject
Project("{2150E333-8FDC-42A3-9474-1A3956D46DE8}") = "BuildingBlocks", "BuildingBlocks", "{A894E022-B208-4931-B388-8C974BC464B5}"
EndProject
Project("{FAE04EC0-301F-11D3-BF4B-00C04F79EFBC}") = "EventBus.Messages", "BuildingBlocks\EventBus.Messages\EventBus.Messages.csproj", "{93AFAC9C-D5D0-4E5D-9605-25ECE3F041F4}"
EndProject
Global
	GlobalSection(SolutionConfigurationPlatforms) = preSolution
		Debug|Any CPU = Debug|Any CPU
		Release|Any CPU = Release|Any CPU
	EndGlobalSection
	GlobalSection(ProjectConfigurationPlatforms) = postSolution
		{F4E77ADE-AB1E-4055-B4EF-9E9275D2C350}.Debug|Any CPU.ActiveCfg = Debug|Any CPU
		{F4E77ADE-AB1E-4055-B4EF-9E9275D2C350}.Debug|Any CPU.Build.0 = Debug|Any CPU
		{F4E77ADE-AB1E-4055-B4EF-9E9275D2C350}.Release|Any CPU.ActiveCfg = Release|Any CPU
		{F4E77ADE-AB1E-4055-B4EF-9E9275D2C350}.Release|Any CPU.Build.0 = Release|Any CPU
		{121F4693-A30E-4F8B-8C21-AD3DBE38B8B9}.Debug|Any CPU.ActiveCfg = Debug|Any CPU
		{121F4693-A30E-4F8B-8C21-AD3DBE38B8B9}.Debug|Any CPU.Build.0 = Debug|Any CPU
		{121F4693-A30E-4F8B-8C21-AD3DBE38B8B9}.Release|Any CPU.ActiveCfg = Release|Any CPU
		{121F4693-A30E-4F8B-8C21-AD3DBE38B8B9}.Release|Any CPU.Build.0 = Release|Any CPU
		{1F69E9B2-2F56-4F8C-9700-828B0091728F}.Debug|Any CPU.ActiveCfg = Debug|Any CPU
		{1F69E9B2-2F56-4F8C-9700-828B0091728F}.Debug|Any CPU.Build.0 = Debug|Any CPU
		{1F69E9B2-2F56-4F8C-9700-828B0091728F}.Release|Any CPU.ActiveCfg = Release|Any CPU
		{1F69E9B2-2F56-4F8C-9700-828B0091728F}.Release|Any CPU.Build.0 = Release|Any CPU
		{6D5DD9F0-E1E4-4487-AEAA-D566B730DB89}.Debug|Any CPU.ActiveCfg = Debug|Any CPU
		{6D5DD9F0-E1E4-4487-AEAA-D566B730DB89}.Debug|Any CPU.Build.0 = Debug|Any CPU
		{6D5DD9F0-E1E4-4487-AEAA-D566B730DB89}.Release|Any CPU.ActiveCfg = Release|Any CPU
		{6D5DD9F0-E1E4-4487-AEAA-D566B730DB89}.Release|Any CPU.Build.0 = Release|Any CPU
		{379CFE72-867D-46BD-90FD-791396801ED5}.Debug|Any CPU.ActiveCfg = Debug|Any CPU
		{379CFE72-867D-46BD-90FD-791396801ED5}.Debug|Any CPU.Build.0 = Debug|Any CPU
		{379CFE72-867D-46BD-90FD-791396801ED5}.Release|Any CPU.ActiveCfg = Release|Any CPU
		{379CFE72-867D-46BD-90FD-791396801ED5}.Release|Any CPU.Build.0 = Release|Any CPU
		{E4F2C315-F42A-4BEE-9431-84C018BAD8C2}.Debug|Any CPU.ActiveCfg = Debug|Any CPU
		{E4F2C315-F42A-4BEE-9431-84C018BAD8C2}.Debug|Any CPU.Build.0 = Debug|Any CPU
		{E4F2C315-F42A-4BEE-9431-84C018BAD8C2}.Release|Any CPU.ActiveCfg = Release|Any CPU
		{E4F2C315-F42A-4BEE-9431-84C018BAD8C2}.Release|Any CPU.Build.0 = Release|Any CPU
		{CC57C5BA-99FB-4A15-B42C-982111822A24}.Debug|Any CPU.ActiveCfg = Debug|Any CPU
		{CC57C5BA-99FB-4A15-B42C-982111822A24}.Debug|Any CPU.Build.0 = Debug|Any CPU
		{CC57C5BA-99FB-4A15-B42C-982111822A24}.Release|Any CPU.ActiveCfg = Release|Any CPU
		{CC57C5BA-99FB-4A15-B42C-982111822A24}.Release|Any CPU.Build.0 = Release|Any CPU
		{D513316F-124C-425D-9967-A853EDDAF940}.Debug|Any CPU.ActiveCfg = Debug|Any CPU
		{D513316F-124C-425D-9967-A853EDDAF940}.Debug|Any CPU.Build.0 = Debug|Any CPU
		{D513316F-124C-425D-9967-A853EDDAF940}.Release|Any CPU.ActiveCfg = Release|Any CPU
		{D513316F-124C-425D-9967-A853EDDAF940}.Release|Any CPU.Build.0 = Release|Any CPU
		{560D59E5-7D16-4E73-AB34-52BAA42791BE}.Debug|Any CPU.ActiveCfg = Debug|Any CPU
		{560D59E5-7D16-4E73-AB34-52BAA42791BE}.Debug|Any CPU.Build.0 = Debug|Any CPU
		{560D59E5-7D16-4E73-AB34-52BAA42791BE}.Release|Any CPU.ActiveCfg = Release|Any CPU
		{560D59E5-7D16-4E73-AB34-52BAA42791BE}.Release|Any CPU.Build.0 = Release|Any CPU
		{93AFAC9C-D5D0-4E5D-9605-25ECE3F041F4}.Debug|Any CPU.ActiveCfg = Debug|Any CPU
		{93AFAC9C-D5D0-4E5D-9605-25ECE3F041F4}.Debug|Any CPU.Build.0 = Debug|Any CPU
		{93AFAC9C-D5D0-4E5D-9605-25ECE3F041F4}.Release|Any CPU.ActiveCfg = Release|Any CPU
		{93AFAC9C-D5D0-4E5D-9605-25ECE3F041F4}.Release|Any CPU.Build.0 = Release|Any CPU
	EndGlobalSection
	GlobalSection(SolutionProperties) = preSolution
		HideSolutionNode = FALSE
	EndGlobalSection
	GlobalSection(NestedProjects) = preSolution
		{2F9C9548-248F-48D3-A5B6-77115EFAEE2D} = {0D9943E4-808F-43B4-AB73-6308A5BDC8D7}
		{B360A09B-AA9F-4C14-B313-3EAAF62CBA07} = {0D9943E4-808F-43B4-AB73-6308A5BDC8D7}
		{F4E77ADE-AB1E-4055-B4EF-9E9275D2C350} = {2F9C9548-248F-48D3-A5B6-77115EFAEE2D}
		{121F4693-A30E-4F8B-8C21-AD3DBE38B8B9} = {2F9C9548-248F-48D3-A5B6-77115EFAEE2D}
		{1F69E9B2-2F56-4F8C-9700-828B0091728F} = {2F9C9548-248F-48D3-A5B6-77115EFAEE2D}
		{6D5DD9F0-E1E4-4487-AEAA-D566B730DB89} = {2F9C9548-248F-48D3-A5B6-77115EFAEE2D}
		{E4F2C315-F42A-4BEE-9431-84C018BAD8C2} = {B360A09B-AA9F-4C14-B313-3EAAF62CBA07}
		{CC57C5BA-99FB-4A15-B42C-982111822A24} = {B360A09B-AA9F-4C14-B313-3EAAF62CBA07}
		{D513316F-124C-425D-9967-A853EDDAF940} = {B360A09B-AA9F-4C14-B313-3EAAF62CBA07}
		{560D59E5-7D16-4E73-AB34-52BAA42791BE} = {B360A09B-AA9F-4C14-B313-3EAAF62CBA07}
		{93AFAC9C-D5D0-4E5D-9605-25ECE3F041F4} = {A894E022-B208-4931-B388-8C974BC464B5}
	EndGlobalSection
	GlobalSection(ExtensibilityGlobals) = postSolution
		SolutionGuid = {C13BF891-C363-4248-B9AB-572DFB4DF96E}
	EndGlobalSection
EndGlobal
